
Microsoft Visual Studio Solution File, Format Version 11.00
# Visual Studio 2010
Project("{8BC9CEB8-8B4A-11D0-8D11-00A0C91BC942}") = "numeric_representation", "numeric_representation\numeric_representation.vcxproj", "{6E3C7244-63FD-484C-92FA-744E7FAEAAE8}"
EndProject
Project("{8BC9CEB8-8B4A-11D0-8D11-00A0C91BC942}") = "mbus", "mbus\mbus.vcxproj", "{68071681-909A-42FE-BAEE-6054FFCC6A8E}"
EndProject
Project("{8BC9CEB8-8B4A-11D0-8D11-00A0C91BC942}") = "starting_point_systemc", "starting_point_systemc\starting_point_systemc.vcxproj", "{EA9563B5-2F78-401B-BDD2-B62262361C9F}"
EndProject
Project("{8BC9CEB8-8B4A-11D0-8D11-00A0C91BC942}") = "starting_point_cpp", "starting_point_cpp\starting_point_cpp.vcxproj", "{26983FBF-5790-4938-BADD-F82802D2F9DE}"
EndProject
Project("{8BC9CEB8-8B4A-11D0-8D11-00A0C91BC942}") = "simple_process", "simple_process\simple_process.vcxproj", "{22393453-521E-44EF-A38B-FF15FCD30056}"
EndProject
Project("{8BC9CEB8-8B4A-11D0-8D11-00A0C91BC942}") = "sc_time_class_definition", "sc_time_class_definition\sc_time_class_definition.vcxproj", "{DF21CADD-07FD-4CF1-A212-9534F8B90AC4}"
EndProject
Project("{8BC9CEB8-8B4A-11D0-8D11-00A0C91BC942}") = "startsimulation", "startsimulation\startsimulation.vcxproj", "{C47882DA-BE81-45EC-B117-C675A5923843}"
EndProject
Project("{8BC9CEB8-8B4A-11D0-8D11-00A0C91BC942}") = "class_hierarchies", "class_hierarchies\class_hierarchies.vcxproj", "{7B3657B1-9C8C-47C1-B963-4976A6B681AC}"
EndProject
Project("{2150E333-8FDC-42A3-9474-1A3956D46DE8}") = "Solution Items", "Solution Items", "{B6835748-03E3-467D-BE47-97660D695EF3}"
	ProjectSection(SolutionItems) = preProject
		GUIDELINE.txt = GUIDELINE.txt
		README.txt = README.txt
	EndProjectSection
EndProject
Project("{8BC9CEB8-8B4A-11D0-8D11-00A0C91BC942}") = "elaborate_and_sim", "elaborate_and_sim\elaborate_and_sim.vcxproj", "{00881361-ADF7-45D7-A80B-C98214771FC9}"
EndProject
Project("{8BC9CEB8-8B4A-11D0-8D11-00A0C91BC942}") = "wait_method", "wait_method\wait_method.vcxproj", "{DABF45FA-6279-4B82-BEFE-ACD03D776C50}"
EndProject
Project("{8BC9CEB8-8B4A-11D0-8D11-00A0C91BC942}") = "test_concurrency", "test_concurrency\test_concurrency.vcxproj", "{A7457A02-5A21-473D-93D1-444B7B3EB786}"
EndProject
Project("{8BC9CEB8-8B4A-11D0-8D11-00A0C91BC942}") = "thread_example1", "thread_example1\thread_example1.vcxproj", "{0DF214C7-EFB4-409A-96AE-E972C56030E7}"
EndProject
Project("{8BC9CEB8-8B4A-11D0-8D11-00A0C91BC942}") = "thread_example2", "thread_example2\thread_example2.vcxproj", "{CFF096AF-52A3-4A9B-B8A2-84078F3AAC91}"
EndProject
Project("{8BC9CEB8-8B4A-11D0-8D11-00A0C91BC942}") = "cthread_example", "cthread_example\cthread_example.vcxproj", "{C2DC9961-1A63-48C1-8788-D339691D7E42}"
EndProject
Project("{8BC9CEB8-8B4A-11D0-8D11-00A0C91BC942}") = "dynamic_threads", "dynamic_threads\dynamic_threads.vcxproj", "{D14F03E6-2D57-4EDB-B993-E68348F65054}"
EndProject
Project("{8BC9CEB8-8B4A-11D0-8D11-00A0C91BC942}") = "semaphore", "semaphore\semaphore.vcxproj", "{52333A0F-7B19-4628-821D-DC59C6FB6F3C}"
EndProject
Project("{8BC9CEB8-8B4A-11D0-8D11-00A0C91BC942}") = "fifo", "fifo\fifo.vcxproj", "{1079BFDE-5BE9-42BF-BCE5-668D5E22181A}"
EndProject
Project("{8BC9CEB8-8B4A-11D0-8D11-00A0C91BC942}") = "signal", "signal\signal.vcxproj", "{F94126F2-B2C3-47BD-8729-E409DA0EAC32}"
EndProject
Project("{8BC9CEB8-8B4A-11D0-8D11-00A0C91BC942}") = "signal_resolved", "signal_resolved\signal_resolved.vcxproj", "{943B25EF-F2AF-4EED-8CF7-CA2FB6E8010E}"
EndProject
Project("{8BC9CEB8-8B4A-11D0-8D11-00A0C91BC942}") = "trace", "trace\trace.vcxproj", "{7E8D19EE-098A-4CD7-B578-BD40E47E5A2A}"
EndProject
Project("{8BC9CEB8-8B4A-11D0-8D11-00A0C91BC942}") = "port_ex", "port_ex\port_ex.vcxproj", "{77D598EB-0765-4409-AF79-4F3948DDFBFB}"
EndProject
Project("{8BC9CEB8-8B4A-11D0-8D11-00A0C91BC942}") = "static_port_sensitivity", "static_port_sensitivity\static_port_sensitivity.vcxproj", "{4A290EF3-37C7-455F-B53F-A649A13CD615}"
EndProject
Project("{8BC9CEB8-8B4A-11D0-8D11-00A0C91BC942}") = "port_array", "port_array\port_array.vcxproj", "{8D949AEA-AB27-47D7-8A54-FDFDAB9C31CA}"
EndProject
Project("{8BC9CEB8-8B4A-11D0-8D11-00A0C91BC942}") = "export_ex", "export_ex\export_ex.vcxproj", "{E6D0113D-7555-4FAE-8F73-EAB927CF7AC1}"
EndProject
Project("{8BC9CEB8-8B4A-11D0-8D11-00A0C91BC942}") = "my_interrupt", "my_interrupt\my_interrupt.vcxproj", "{ED203F90-2687-4719-97B4-2FF1FC7828F9}"
EndProject
Project("{8BC9CEB8-8B4A-11D0-8D11-00A0C91BC942}") = "pci_datatype", "pci_datatype\pci_datatype.vcxproj", "{908EAD0B-05DC-460B-A05D-ADA8EECAAB56}"
EndProject
Project("{8BC9CEB8-8B4A-11D0-8D11-00A0C91BC942}") = "hierarchical_channel", "hierarchical_channel\hierarchical_channel.vcxproj", "{5E9055FA-1B56-424A-AF52-626B78DEF1EE}"
EndProject
Project("{8BC9CEB8-8B4A-11D0-8D11-00A0C91BC942}") = "sine_source", "sine_source\sine_source.vcxproj", "{A396D41D-C47B-49A4-BFE0-990BF07A7889}"
EndProject
Project("{8BC9CEB8-8B4A-11D0-8D11-00A0C91BC942}") = "sine_sink", "sine_sink\sine_sink.vcxproj", "{F6384955-3F00-45FE-B33A-D17B3633FB8E}"
EndProject
Project("{8BC9CEB8-8B4A-11D0-8D11-00A0C91BC942}") = "sine_noise", "sine_noise\sine_noise.vcxproj", "{5942919D-6EA7-4795-81FD-9B79295FC4D6}"
EndProject
Project("{8BC9CEB8-8B4A-11D0-8D11-00A0C91BC942}") = "sine_noise2", "sine_noise2\sine_noise2.vcxproj", "{A27A57B6-30C7-4FF0-B50A-199A4E239142}"
EndProject
Project("{8BC9CEB8-8B4A-11D0-8D11-00A0C91BC942}") = "prefilter", "prefilter\prefilter.vcxproj", "{FF4933FE-3F9E-45C3-ADAB-1AA108140CDF}"
EndProject
Project("{8BC9CEB8-8B4A-11D0-8D11-00A0C91BC942}") = "adc", "adc\adc.vcxproj", "{DEDDC840-D9A4-4C44-9CEA-810CFABBA7A2}"
EndProject
Project("{8BC9CEB8-8B4A-11D0-8D11-00A0C91BC942}") = "comb_filter", "comb_filter\comb_filter.vcxproj", "{5577704C-E0C6-4E9B-96C3-BD9C01F72176}"
EndProject
Project("{8BC9CEB8-8B4A-11D0-8D11-00A0C91BC942}") = "master_slave", "master_slave\master_slave.vcxproj", "{841535AB-5180-40A3-8FDD-C2F75FAE432A}"
EndProject
Project("{8BC9CEB8-8B4A-11D0-8D11-00A0C91BC942}") = "tlm2_example1", "tlm2_example1\tlm2_example1.vcxproj", "{07D2BCA6-BF92-4FD2-A350-007173236C46}"
EndProject
Project("{8BC9CEB8-8B4A-11D0-8D11-00A0C91BC942}") = "tlm2_example2", "tlm2_example2\tlm2_example2.vcxproj", "{EE88A09E-AB38-48E5-A2F9-A801E4CE00C0}"
EndProject
Project("{8BC9CEB8-8B4A-11D0-8D11-00A0C91BC942}") = "tlm2_example3", "tlm2_example3\tlm2_example3.vcxproj", "{A6789321-2DA3-4B27-BD86-35ADA254ACC6}"
EndProject
Project("{8BC9CEB8-8B4A-11D0-8D11-00A0C91BC942}") = "tlm2_example4", "tlm2_example4\tlm2_example4.vcxproj", "{6D7247F3-CE22-4F31-AD69-AD488FAF6E7C}"
EndProject
Project("{8BC9CEB8-8B4A-11D0-8D11-00A0C91BC942}") = "tlm2_example5", "tlm2_example5\tlm2_example5.vcxproj", "{008F2D51-5456-44EF-9D60-EADC97BD1F6E}"
EndProject
Project("{8BC9CEB8-8B4A-11D0-8D11-00A0C91BC942}") = "tlm2_example6", "tlm2_example6\tlm2_example6.vcxproj", "{C2FABCEF-10A0-431A-A239-7AB6A303A368}"
EndProject
Project("{8BC9CEB8-8B4A-11D0-8D11-00A0C91BC942}") = "tlm2_example_at", "tlm2_example_at\tlm2_example_at.vcxproj", "{8C533A3F-C105-43A7-ABF4-27BE74C461D8}"
EndProject
Project("{8BC9CEB8-8B4A-11D0-8D11-00A0C91BC942}") = "lock_auto_example", "..\source\13\tlm2_locking_and_snooping\locking_auto\lock_example_proj\lock_auto_example_proj.vcxproj", "{0EDAF45A-6DAC-4616-9076-AA429C0C6EA4}"
EndProject
Project("{8BC9CEB8-8B4A-11D0-8D11-00A0C91BC942}") = "lock_sticky_example", "..\source\13\tlm2_locking_and_snooping\locking_sticky\lock_example_proj\lock_sticky_example_proj.vcxproj", "{833AABC0-EC1D-4165-B7AD-A89ABF161949}"
EndProject
Project("{8BC9CEB8-8B4A-11D0-8D11-00A0C91BC942}") = "lock_two_example", "..\source\13\tlm2_locking_and_snooping\locking_two\lock_example_proj\lock_two_example.vcxproj", "{BD09EE98-76A8-4986-ADEF-49358C8574C2}"
EndProject
Project("{8BC9CEB8-8B4A-11D0-8D11-00A0C91BC942}") = "snooping", "..\source\13\tlm2_locking_and_snooping\snooping_sticky\snooping_proj\snooping.vcxproj", "{259626F8-5389-4A1F-8C6C-D5F90F07F8D7}"
EndProject
Global
	GlobalSection(SolutionConfigurationPlatforms) = preSolution
		Debug|Win32 = Debug|Win32
		Release|Win32 = Release|Win32
	EndGlobalSection
	GlobalSection(ProjectConfigurationPlatforms) = postSolution
		{6E3C7244-63FD-484C-92FA-744E7FAEAAE8}.Debug|Win32.ActiveCfg = Debug|Win32
		{6E3C7244-63FD-484C-92FA-744E7FAEAAE8}.Debug|Win32.Build.0 = Debug|Win32
		{6E3C7244-63FD-484C-92FA-744E7FAEAAE8}.Release|Win32.ActiveCfg = Release|Win32
		{6E3C7244-63FD-484C-92FA-744E7FAEAAE8}.Release|Win32.Build.0 = Release|Win32
		{68071681-909A-42FE-BAEE-6054FFCC6A8E}.Debug|Win32.ActiveCfg = Debug|Win32
		{68071681-909A-42FE-BAEE-6054FFCC6A8E}.Debug|Win32.Build.0 = Debug|Win32
		{68071681-909A-42FE-BAEE-6054FFCC6A8E}.Release|Win32.ActiveCfg = Release|Win32
		{68071681-909A-42FE-BAEE-6054FFCC6A8E}.Release|Win32.Build.0 = Release|Win32
		{EA9563B5-2F78-401B-BDD2-B62262361C9F}.Debug|Win32.ActiveCfg = Debug|Win32
		{EA9563B5-2F78-401B-BDD2-B62262361C9F}.Debug|Win32.Build.0 = Debug|Win32
		{EA9563B5-2F78-401B-BDD2-B62262361C9F}.Release|Win32.ActiveCfg = Release|Win32
		{EA9563B5-2F78-401B-BDD2-B62262361C9F}.Release|Win32.Build.0 = Release|Win32
		{26983FBF-5790-4938-BADD-F82802D2F9DE}.Debug|Win32.ActiveCfg = Release|Win32
		{26983FBF-5790-4938-BADD-F82802D2F9DE}.Debug|Win32.Build.0 = Release|Win32
		{26983FBF-5790-4938-BADD-F82802D2F9DE}.Release|Win32.ActiveCfg = Release|Win32
		{26983FBF-5790-4938-BADD-F82802D2F9DE}.Release|Win32.Build.0 = Release|Win32
		{22393453-521E-44EF-A38B-FF15FCD30056}.Debug|Win32.ActiveCfg = Debug|Win32
		{22393453-521E-44EF-A38B-FF15FCD30056}.Debug|Win32.Build.0 = Debug|Win32
		{22393453-521E-44EF-A38B-FF15FCD30056}.Release|Win32.ActiveCfg = Release|Win32
		{22393453-521E-44EF-A38B-FF15FCD30056}.Release|Win32.Build.0 = Release|Win32
		{DF21CADD-07FD-4CF1-A212-9534F8B90AC4}.Debug|Win32.ActiveCfg = Debug|Win32
		{DF21CADD-07FD-4CF1-A212-9534F8B90AC4}.Debug|Win32.Build.0 = Debug|Win32
		{DF21CADD-07FD-4CF1-A212-9534F8B90AC4}.Release|Win32.ActiveCfg = Release|Win32
		{DF21CADD-07FD-4CF1-A212-9534F8B90AC4}.Release|Win32.Build.0 = Release|Win32
		{C47882DA-BE81-45EC-B117-C675A5923843}.Debug|Win32.ActiveCfg = Debug|Win32
		{C47882DA-BE81-45EC-B117-C675A5923843}.Debug|Win32.Build.0 = Debug|Win32
		{C47882DA-BE81-45EC-B117-C675A5923843}.Release|Win32.ActiveCfg = Release|Win32
		{C47882DA-BE81-45EC-B117-C675A5923843}.Release|Win32.Build.0 = Release|Win32
		{7B3657B1-9C8C-47C1-B963-4976A6B681AC}.Debug|Win32.ActiveCfg = Release|Win32
		{7B3657B1-9C8C-47C1-B963-4976A6B681AC}.Debug|Win32.Build.0 = Release|Win32
		{7B3657B1-9C8C-47C1-B963-4976A6B681AC}.Release|Win32.ActiveCfg = Release|Win32
		{7B3657B1-9C8C-47C1-B963-4976A6B681AC}.Release|Win32.Build.0 = Release|Win32
		{00881361-ADF7-45D7-A80B-C98214771FC9}.Debug|Win32.ActiveCfg = Debug|Win32
		{00881361-ADF7-45D7-A80B-C98214771FC9}.Debug|Win32.Build.0 = Debug|Win32
		{00881361-ADF7-45D7-A80B-C98214771FC9}.Release|Win32.ActiveCfg = Release|Win32
		{00881361-ADF7-45D7-A80B-C98214771FC9}.Release|Win32.Build.0 = Release|Win32
		{DABF45FA-6279-4B82-BEFE-ACD03D776C50}.Debug|Win32.ActiveCfg = Debug|Win32
		{DABF45FA-6279-4B82-BEFE-ACD03D776C50}.Debug|Win32.Build.0 = Debug|Win32
		{DABF45FA-6279-4B82-BEFE-ACD03D776C50}.Release|Win32.ActiveCfg = Release|Win32
		{DABF45FA-6279-4B82-BEFE-ACD03D776C50}.Release|Win32.Build.0 = Release|Win32
		{A7457A02-5A21-473D-93D1-444B7B3EB786}.Debug|Win32.ActiveCfg = Debug|Win32
		{A7457A02-5A21-473D-93D1-444B7B3EB786}.Debug|Win32.Build.0 = Debug|Win32
		{A7457A02-5A21-473D-93D1-444B7B3EB786}.Release|Win32.ActiveCfg = Release|Win32
		{A7457A02-5A21-473D-93D1-444B7B3EB786}.Release|Win32.Build.0 = Release|Win32
		{0DF214C7-EFB4-409A-96AE-E972C56030E7}.Debug|Win32.ActiveCfg = Debug|Win32
		{0DF214C7-EFB4-409A-96AE-E972C56030E7}.Debug|Win32.Build.0 = Debug|Win32
		{0DF214C7-EFB4-409A-96AE-E972C56030E7}.Release|Win32.ActiveCfg = Release|Win32
		{0DF214C7-EFB4-409A-96AE-E972C56030E7}.Release|Win32.Build.0 = Release|Win32
		{CFF096AF-52A3-4A9B-B8A2-84078F3AAC91}.Debug|Win32.ActiveCfg = Debug|Win32
		{CFF096AF-52A3-4A9B-B8A2-84078F3AAC91}.Debug|Win32.Build.0 = Debug|Win32
		{CFF096AF-52A3-4A9B-B8A2-84078F3AAC91}.Release|Win32.ActiveCfg = Release|Win32
		{CFF096AF-52A3-4A9B-B8A2-84078F3AAC91}.Release|Win32.Build.0 = Release|Win32
		{C2DC9961-1A63-48C1-8788-D339691D7E42}.Debug|Win32.ActiveCfg = Debug|Win32
		{C2DC9961-1A63-48C1-8788-D339691D7E42}.Debug|Win32.Build.0 = Debug|Win32
		{C2DC9961-1A63-48C1-8788-D339691D7E42}.Release|Win32.ActiveCfg = Release|Win32
		{C2DC9961-1A63-48C1-8788-D339691D7E42}.Release|Win32.Build.0 = Release|Win32
		{D14F03E6-2D57-4EDB-B993-E68348F65054}.Debug|Win32.ActiveCfg = Debug|Win32
		{D14F03E6-2D57-4EDB-B993-E68348F65054}.Debug|Win32.Build.0 = Debug|Win32
		{D14F03E6-2D57-4EDB-B993-E68348F65054}.Release|Win32.ActiveCfg = Release|Win32
		{D14F03E6-2D57-4EDB-B993-E68348F65054}.Release|Win32.Build.0 = Release|Win32
		{52333A0F-7B19-4628-821D-DC59C6FB6F3C}.Debug|Win32.ActiveCfg = Debug|Win32
		{52333A0F-7B19-4628-821D-DC59C6FB6F3C}.Debug|Win32.Build.0 = Debug|Win32
		{52333A0F-7B19-4628-821D-DC59C6FB6F3C}.Release|Win32.ActiveCfg = Release|Win32
		{52333A0F-7B19-4628-821D-DC59C6FB6F3C}.Release|Win32.Build.0 = Release|Win32
		{1079BFDE-5BE9-42BF-BCE5-668D5E22181A}.Debug|Win32.ActiveCfg = Debug|Win32
		{1079BFDE-5BE9-42BF-BCE5-668D5E22181A}.Debug|Win32.Build.0 = Debug|Win32
		{1079BFDE-5BE9-42BF-BCE5-668D5E22181A}.Release|Win32.ActiveCfg = Release|Win32
		{1079BFDE-5BE9-42BF-BCE5-668D5E22181A}.Release|Win32.Build.0 = Release|Win32
		{F94126F2-B2C3-47BD-8729-E409DA0EAC32}.Debug|Win32.ActiveCfg = Debug|Win32
		{F94126F2-B2C3-47BD-8729-E409DA0EAC32}.Debug|Win32.Build.0 = Debug|Win32
		{F94126F2-B2C3-47BD-8729-E409DA0EAC32}.Release|Win32.ActiveCfg = Release|Win32
		{F94126F2-B2C3-47BD-8729-E409DA0EAC32}.Release|Win32.Build.0 = Release|Win32
		{943B25EF-F2AF-4EED-8CF7-CA2FB6E8010E}.Debug|Win32.ActiveCfg = Debug|Win32
		{943B25EF-F2AF-4EED-8CF7-CA2FB6E8010E}.Debug|Win32.Build.0 = Debug|Win32
		{943B25EF-F2AF-4EED-8CF7-CA2FB6E8010E}.Release|Win32.ActiveCfg = Release|Win32
		{943B25EF-F2AF-4EED-8CF7-CA2FB6E8010E}.Release|Win32.Build.0 = Release|Win32
		{7E8D19EE-098A-4CD7-B578-BD40E47E5A2A}.Debug|Win32.ActiveCfg = Debug|Win32
		{7E8D19EE-098A-4CD7-B578-BD40E47E5A2A}.Debug|Win32.Build.0 = Debug|Win32
		{7E8D19EE-098A-4CD7-B578-BD40E47E5A2A}.Release|Win32.ActiveCfg = Release|Win32
		{7E8D19EE-098A-4CD7-B578-BD40E47E5A2A}.Release|Win32.Build.0 = Release|Win32
		{77D598EB-0765-4409-AF79-4F3948DDFBFB}.Debug|Win32.ActiveCfg = Debug|Win32
		{77D598EB-0765-4409-AF79-4F3948DDFBFB}.Debug|Win32.Build.0 = Debug|Win32
		{77D598EB-0765-4409-AF79-4F3948DDFBFB}.Release|Win32.ActiveCfg = Release|Win32
		{77D598EB-0765-4409-AF79-4F3948DDFBFB}.Release|Win32.Build.0 = Release|Win32
		{4A290EF3-37C7-455F-B53F-A649A13CD615}.Debug|Win32.ActiveCfg = Debug|Win32
		{4A290EF3-37C7-455F-B53F-A649A13CD615}.Debug|Win32.Build.0 = Debug|Win32
		{4A290EF3-37C7-455F-B53F-A649A13CD615}.Release|Win32.ActiveCfg = Release|Win32
		{4A290EF3-37C7-455F-B53F-A649A13CD615}.Release|Win32.Build.0 = Release|Win32
		{8D949AEA-AB27-47D7-8A54-FDFDAB9C31CA}.Debug|Win32.ActiveCfg = Debug|Win32
		{8D949AEA-AB27-47D7-8A54-FDFDAB9C31CA}.Debug|Win32.Build.0 = Debug|Win32
		{8D949AEA-AB27-47D7-8A54-FDFDAB9C31CA}.Release|Win32.ActiveCfg = Release|Win32
		{8D949AEA-AB27-47D7-8A54-FDFDAB9C31CA}.Release|Win32.Build.0 = Release|Win32
		{E6D0113D-7555-4FAE-8F73-EAB927CF7AC1}.Debug|Win32.ActiveCfg = Debug|Win32
		{E6D0113D-7555-4FAE-8F73-EAB927CF7AC1}.Debug|Win32.Build.0 = Debug|Win32
		{E6D0113D-7555-4FAE-8F73-EAB927CF7AC1}.Release|Win32.ActiveCfg = Release|Win32
		{E6D0113D-7555-4FAE-8F73-EAB927CF7AC1}.Release|Win32.Build.0 = Release|Win32
		{ED203F90-2687-4719-97B4-2FF1FC7828F9}.Debug|Win32.ActiveCfg = Debug|Win32
		{ED203F90-2687-4719-97B4-2FF1FC7828F9}.Debug|Win32.Build.0 = Debug|Win32
		{ED203F90-2687-4719-97B4-2FF1FC7828F9}.Release|Win32.ActiveCfg = Release|Win32
		{ED203F90-2687-4719-97B4-2FF1FC7828F9}.Release|Win32.Build.0 = Release|Win32
		{908EAD0B-05DC-460B-A05D-ADA8EECAAB56}.Debug|Win32.ActiveCfg = Debug|Win32
		{908EAD0B-05DC-460B-A05D-ADA8EECAAB56}.Debug|Win32.Build.0 = Debug|Win32
		{908EAD0B-05DC-460B-A05D-ADA8EECAAB56}.Release|Win32.ActiveCfg = Release|Win32
		{908EAD0B-05DC-460B-A05D-ADA8EECAAB56}.Release|Win32.Build.0 = Release|Win32
		{5E9055FA-1B56-424A-AF52-626B78DEF1EE}.Debug|Win32.ActiveCfg = Debug|Win32
		{5E9055FA-1B56-424A-AF52-626B78DEF1EE}.Debug|Win32.Build.0 = Debug|Win32
		{5E9055FA-1B56-424A-AF52-626B78DEF1EE}.Release|Win32.ActiveCfg = Release|Win32
		{5E9055FA-1B56-424A-AF52-626B78DEF1EE}.Release|Win32.Build.0 = Release|Win32
		{A396D41D-C47B-49A4-BFE0-990BF07A7889}.Debug|Win32.ActiveCfg = Debug|Win32
		{A396D41D-C47B-49A4-BFE0-990BF07A7889}.Debug|Win32.Build.0 = Debug|Win32
		{A396D41D-C47B-49A4-BFE0-990BF07A7889}.Release|Win32.ActiveCfg = Release|Win32
		{A396D41D-C47B-49A4-BFE0-990BF07A7889}.Release|Win32.Build.0 = Release|Win32
		{F6384955-3F00-45FE-B33A-D17B3633FB8E}.Debug|Win32.ActiveCfg = Debug|Win32
		{F6384955-3F00-45FE-B33A-D17B3633FB8E}.Debug|Win32.Build.0 = Debug|Win32
		{F6384955-3F00-45FE-B33A-D17B3633FB8E}.Release|Win32.ActiveCfg = Release|Win32
		{F6384955-3F00-45FE-B33A-D17B3633FB8E}.Release|Win32.Build.0 = Release|Win32
		{5942919D-6EA7-4795-81FD-9B79295FC4D6}.Debug|Win32.ActiveCfg = Debug|Win32
		{5942919D-6EA7-4795-81FD-9B79295FC4D6}.Debug|Win32.Build.0 = Debug|Win32
		{5942919D-6EA7-4795-81FD-9B79295FC4D6}.Release|Win32.ActiveCfg = Release|Win32
		{5942919D-6EA7-4795-81FD-9B79295FC4D6}.Release|Win32.Build.0 = Release|Win32
		{A27A57B6-30C7-4FF0-B50A-199A4E239142}.Debug|Win32.ActiveCfg = Debug|Win32
		{A27A57B6-30C7-4FF0-B50A-199A4E239142}.Debug|Win32.Build.0 = Debug|Win32
		{A27A57B6-30C7-4FF0-B50A-199A4E239142}.Release|Win32.ActiveCfg = Release|Win32
		{A27A57B6-30C7-4FF0-B50A-199A4E239142}.Release|Win32.Build.0 = Release|Win32
		{FF4933FE-3F9E-45C3-ADAB-1AA108140CDF}.Debug|Win32.ActiveCfg = Debug|Win32
		{FF4933FE-3F9E-45C3-ADAB-1AA108140CDF}.Debug|Win32.Build.0 = Debug|Win32
		{FF4933FE-3F9E-45C3-ADAB-1AA108140CDF}.Release|Win32.ActiveCfg = Release|Win32
		{FF4933FE-3F9E-45C3-ADAB-1AA108140CDF}.Release|Win32.Build.0 = Release|Win32
		{DEDDC840-D9A4-4C44-9CEA-810CFABBA7A2}.Debug|Win32.ActiveCfg = Debug|Win32
		{DEDDC840-D9A4-4C44-9CEA-810CFABBA7A2}.Debug|Win32.Build.0 = Debug|Win32
		{DEDDC840-D9A4-4C44-9CEA-810CFABBA7A2}.Release|Win32.ActiveCfg = Release|Win32
		{DEDDC840-D9A4-4C44-9CEA-810CFABBA7A2}.Release|Win32.Build.0 = Release|Win32
		{5577704C-E0C6-4E9B-96C3-BD9C01F72176}.Debug|Win32.ActiveCfg = Debug|Win32
		{5577704C-E0C6-4E9B-96C3-BD9C01F72176}.Debug|Win32.Build.0 = Debug|Win32
		{5577704C-E0C6-4E9B-96C3-BD9C01F72176}.Release|Win32.ActiveCfg = Release|Win32
		{5577704C-E0C6-4E9B-96C3-BD9C01F72176}.Release|Win32.Build.0 = Release|Win32
		{841535AB-5180-40A3-8FDD-C2F75FAE432A}.Debug|Win32.ActiveCfg = Debug|Win32
		{841535AB-5180-40A3-8FDD-C2F75FAE432A}.Debug|Win32.Build.0 = Debug|Win32
		{841535AB-5180-40A3-8FDD-C2F75FAE432A}.Release|Win32.ActiveCfg = Release|Win32
		{841535AB-5180-40A3-8FDD-C2F75FAE432A}.Release|Win32.Build.0 = Release|Win32
		{07D2BCA6-BF92-4FD2-A350-007173236C46}.Debug|Win32.ActiveCfg = Debug|Win32
		{07D2BCA6-BF92-4FD2-A350-007173236C46}.Debug|Win32.Build.0 = Debug|Win32
		{07D2BCA6-BF92-4FD2-A350-007173236C46}.Release|Win32.ActiveCfg = Release|Win32
		{07D2BCA6-BF92-4FD2-A350-007173236C46}.Release|Win32.Build.0 = Release|Win32
		{EE88A09E-AB38-48E5-A2F9-A801E4CE00C0}.Debug|Win32.ActiveCfg = Debug|Win32
		{EE88A09E-AB38-48E5-A2F9-A801E4CE00C0}.Debug|Win32.Build.0 = Debug|Win32
		{EE88A09E-AB38-48E5-A2F9-A801E4CE00C0}.Release|Win32.ActiveCfg = Release|Win32
		{EE88A09E-AB38-48E5-A2F9-A801E4CE00C0}.Release|Win32.Build.0 = Release|Win32
		{A6789321-2DA3-4B27-BD86-35ADA254ACC6}.Debug|Win32.ActiveCfg = Debug|Win32
		{A6789321-2DA3-4B27-BD86-35ADA254ACC6}.Debug|Win32.Build.0 = Debug|Win32
		{A6789321-2DA3-4B27-BD86-35ADA254ACC6}.Release|Win32.ActiveCfg = Release|Win32
		{A6789321-2DA3-4B27-BD86-35ADA254ACC6}.Release|Win32.Build.0 = Release|Win32
		{6D7247F3-CE22-4F31-AD69-AD488FAF6E7C}.Debug|Win32.ActiveCfg = Debug|Win32
		{6D7247F3-CE22-4F31-AD69-AD488FAF6E7C}.Debug|Win32.Build.0 = Debug|Win32
		{6D7247F3-CE22-4F31-AD69-AD488FAF6E7C}.Release|Win32.ActiveCfg = Release|Win32
		{6D7247F3-CE22-4F31-AD69-AD488FAF6E7C}.Release|Win32.Build.0 = Release|Win32
		{008F2D51-5456-44EF-9D60-EADC97BD1F6E}.Debug|Win32.ActiveCfg = Debug|Win32
		{008F2D51-5456-44EF-9D60-EADC97BD1F6E}.Debug|Win32.Build.0 = Debug|Win32
		{008F2D51-5456-44EF-9D60-EADC97BD1F6E}.Release|Win32.ActiveCfg = Release|Win32
		{008F2D51-5456-44EF-9D60-EADC97BD1F6E}.Release|Win32.Build.0 = Release|Win32
		{C2FABCEF-10A0-431A-A239-7AB6A303A368}.Debug|Win32.ActiveCfg = Debug|Win32
		{C2FABCEF-10A0-431A-A239-7AB6A303A368}.Debug|Win32.Build.0 = Debug|Win32
		{C2FABCEF-10A0-431A-A239-7AB6A303A368}.Release|Win32.ActiveCfg = Release|Win32
		{C2FABCEF-10A0-431A-A239-7AB6A303A368}.Release|Win32.Build.0 = Release|Win32
		{8C533A3F-C105-43A7-ABF4-27BE74C461D8}.Debug|Win32.ActiveCfg = Debug|Win32
		{8C533A3F-C105-43A7-ABF4-27BE74C461D8}.Debug|Win32.Build.0 = Debug|Win32
		{8C533A3F-C105-43A7-ABF4-27BE74C461D8}.Release|Win32.ActiveCfg = Release|Win32
		{8C533A3F-C105-43A7-ABF4-27BE74C461D8}.Release|Win32.Build.0 = Release|Win32
		{0EDAF45A-6DAC-4616-9076-AA429C0C6EA4}.Debug|Win32.ActiveCfg = Debug|Win32
		{0EDAF45A-6DAC-4616-9076-AA429C0C6EA4}.Debug|Win32.Build.0 = Debug|Win32
		{0EDAF45A-6DAC-4616-9076-AA429C0C6EA4}.Release|Win32.ActiveCfg = Release|Win32
		{0EDAF45A-6DAC-4616-9076-AA429C0C6EA4}.Release|Win32.Build.0 = Release|Win32
		{833AABC0-EC1D-4165-B7AD-A89ABF161949}.Debug|Win32.ActiveCfg = Debug|Win32
		{833AABC0-EC1D-4165-B7AD-A89ABF161949}.Debug|Win32.Build.0 = Debug|Win32
		{833AABC0-EC1D-4165-B7AD-A89ABF161949}.Release|Win32.ActiveCfg = Release|Win32
		{833AABC0-EC1D-4165-B7AD-A89ABF161949}.Release|Win32.Build.0 = Release|Win32
		{BD09EE98-76A8-4986-ADEF-49358C8574C2}.Debug|Win32.ActiveCfg = Debug|Win32
		{BD09EE98-76A8-4986-ADEF-49358C8574C2}.Debug|Win32.Build.0 = Debug|Win32
		{BD09EE98-76A8-4986-ADEF-49358C8574C2}.Release|Win32.ActiveCfg = Release|Win32
		{BD09EE98-76A8-4986-ADEF-49358C8574C2}.Release|Win32.Build.0 = Release|Win32
		{259626F8-5389-4A1F-8C6C-D5F90F07F8D7}.Debug|Win32.ActiveCfg = Debug|Win32
		{259626F8-5389-4A1F-8C6C-D5F90F07F8D7}.Debug|Win32.Build.0 = Debug|Win32
		{259626F8-5389-4A1F-8C6C-D5F90F07F8D7}.Release|Win32.ActiveCfg = Release|Win32
		{259626F8-5389-4A1F-8C6C-D5F90F07F8D7}.Release|Win32.Build.0 = Release|Win32
	EndGlobalSection
	GlobalSection(SolutionProperties) = preSolution
		HideSolutionNode = FALSE
	EndGlobalSection
EndGlobal
